
Microsoft Visual Studio Solution File, Format Version 12.00
# Visual Studio 2012
Project("{FAE04EC0-301F-11D3-BF4B-00C04F79EFBC}") = "TestADReader", "TestADReader\TestADReader.csproj", "{337E750E-F8C2-4761-B9AD-E0922348C3CB}"
EndProject
Global
	GlobalSection(SolutionConfigurationPlatforms) = preSolution
		Debug|Any CPU = Debug|Any CPU
		Release|Any CPU = Release|Any CPU
	EndGlobalSection
	GlobalSection(ProjectConfigurationPlatforms) = postSolution
		{337E750E-F8C2-4761-B9AD-E0922348C3CB}.Debug|Any CPU.ActiveCfg = Debug|Any CPU
		{337E750E-F8C2-4761-B9AD-E0922348C3CB}.Debug|Any CPU.Build.0 = Debug|Any CPU
		{337E750E-F8C2-4761-B9AD-E0922348C3CB}.Release|Any CPU.ActiveCfg = Release|Any CPU
		{337E750E-F8C2-4761-B9AD-E0922348C3CB}.Release|Any CPU.Build.0 = Release|Any CPU
	EndGlobalSection
	GlobalSection(SolutionProperties) = preSolution
		HideSolutionNode = FALSE
	EndGlobalSection
EndGlobal
